{
  "name": "CSE 134B",
  "lockfileVersion": 2,
  "requires": true,
  "packages": {
    "": {
      "dependencies": {
        "@sentry/browser": "^7.8.0",
        "@sentry/tracing": "^7.8.0",
        "dompurify": "^2.3.10"
      }
    },
    "node_modules/@sentry/browser": {
      "version": "7.8.0",
      "resolved": "https://registry.npmjs.org/@sentry/browser/-/browser-7.8.0.tgz",
      "integrity": "sha512-khVrQ0/cfPgm4dAYc07TbHO+dGvaq5adjbIkzpQy0t64KI1GLz++JXv1GRHh5EF9J5kOTaDZX6EyKCa/zDNfxw==",
      "dependencies": {
        "@sentry/core": "7.8.0",
        "@sentry/types": "7.8.0",
        "@sentry/utils": "7.8.0",
        "tslib": "^1.9.3"
      },
      "engines": {
        "node": ">=8"
      }
    },
    "node_modules/@sentry/core": {
      "version": "7.8.0",
      "resolved": "https://registry.npmjs.org/@sentry/core/-/core-7.8.0.tgz",
      "integrity": "sha512-Xogwy96P6o3qgSLIGHxzKnRxrky8QdHpnS4A6ZWjnnFFAJmMg3MPF9SmqK5dOUpO9K69jTad9vs6ES2qTydfIw==",
      "dependencies": {
        "@sentry/hub": "7.8.0",
        "@sentry/types": "7.8.0",
        "@sentry/utils": "7.8.0",
        "tslib": "^1.9.3"
      },
      "engines": {
        "node": ">=8"
      }
    },
    "node_modules/@sentry/hub": {
      "version": "7.8.0",
      "resolved": "https://registry.npmjs.org/@sentry/hub/-/hub-7.8.0.tgz",
      "integrity": "sha512-L+aZ7XQJ5cM9NFBy/4caTyBVOc5DB6LK1wxPSFxCy1zsr/XpEYqTAy6ATRUeC0UKxdd/sN/lnQ8liGwVAc0gGQ==",
      "dependencies": {
        "@sentry/types": "7.8.0",
        "@sentry/utils": "7.8.0",
        "tslib": "^1.9.3"
      },
      "engines": {
        "node": ">=8"
      }
    },
    "node_modules/@sentry/tracing": {
      "version": "7.8.0",
      "resolved": "https://registry.npmjs.org/@sentry/tracing/-/tracing-7.8.0.tgz",
      "integrity": "sha512-qhem3wJgyd2tgRk0nHMGkWtiI3ln0ZdN8N+5hLnW+CrSz8Xm5/L5gwWQszOFG7WCYM3wRYEV093MuHg+qTg8iA==",
      "dependencies": {
        "@sentry/hub": "7.8.0",
        "@sentry/types": "7.8.0",
        "@sentry/utils": "7.8.0",
        "tslib": "^1.9.3"
      },
      "engines": {
        "node": ">=8"
      }
    },
    "node_modules/@sentry/types": {
      "version": "7.8.0",
      "resolved": "https://registry.npmjs.org/@sentry/types/-/types-7.8.0.tgz",
      "integrity": "sha512-X9D2jlcAzbJdCHA+eCMv2t5HI9769Qpx48e+sZiK7Oasy1jwQtqzQRaiI9fy/zZ+p7Fyerj/4WjW/E2c4dJ63w==",
      "engines": {
        "node": ">=8"
      }
    },
    "node_modules/@sentry/utils": {
      "version": "7.8.0",
      "resolved": "https://registry.npmjs.org/@sentry/utils/-/utils-7.8.0.tgz",
      "integrity": "sha512-6WvXawUPs60R9MitHXFL533D/Ic9tqQZbvPnBXmAkfp90Y5rcoq2QfJjkqMk/Z+Gnplwi8/wcJCC8EtYKfWg6w==",
      "dependencies": {
        "@sentry/types": "7.8.0",
        "tslib": "^1.9.3"
      },
      "engines": {
        "node": ">=8"
      }
    },
    "node_modules/dompurify": {
      "version": "2.3.10",
      "resolved": "https://registry.npmjs.org/dompurify/-/dompurify-2.3.10.tgz",
      "integrity": "sha512-o7Fg/AgC7p/XpKjf/+RC3Ok6k4St5F7Q6q6+Nnm3p2zGWioAY6dh0CbbuwOhH2UcSzKsdniE/YnE2/92JcsA+g=="
    },
    "node_modules/tslib": {
      "version": "1.14.1",
      "resolved": "https://registry.npmjs.org/tslib/-/tslib-1.14.1.tgz",
      "integrity": "sha512-Xni35NKzjgMrwevysHTCArtLDpPvye8zV/0E4EyYn43P7/7qvQwPh9BGkHewbMulVntbigmcT7rdX3BNo9wRJg=="
    }
  },
  "dependencies": {
    "@sentry/browser": {
      "version": "7.8.0",
      "resolved": "https://registry.npmjs.org/@sentry/browser/-/browser-7.8.0.tgz",
      "integrity": "sha512-khVrQ0/cfPgm4dAYc07TbHO+dGvaq5adjbIkzpQy0t64KI1GLz++JXv1GRHh5EF9J5kOTaDZX6EyKCa/zDNfxw==",
      "requires": {
        "@sentry/core": "7.8.0",
        "@sentry/types": "7.8.0",
        "@sentry/utils": "7.8.0",
        "tslib": "^1.9.3"
      }
    },
    "@sentry/core": {
      "version": "7.8.0",
      "resolved": "https://registry.npmjs.org/@sentry/core/-/core-7.8.0.tgz",
      "integrity": "sha512-Xogwy96P6o3qgSLIGHxzKnRxrky8QdHpnS4A6ZWjnnFFAJmMg3MPF9SmqK5dOUpO9K69jTad9vs6ES2qTydfIw==",
      "requires": {
        "@sentry/hub": "7.8.0",
        "@sentry/types": "7.8.0",
        "@sentry/utils": "7.8.0",
        "tslib": "^1.9.3"
      }
    },
    "@sentry/hub": {
      "version": "7.8.0",
      "resolved": "https://registry.npmjs.org/@sentry/hub/-/hub-7.8.0.tgz",
      "integrity": "sha512-L+aZ7XQJ5cM9NFBy/4caTyBVOc5DB6LK1wxPSFxCy1zsr/XpEYqTAy6ATRUeC0UKxdd/sN/lnQ8liGwVAc0gGQ==",
      "requires": {
        "@sentry/types": "7.8.0",
        "@sentry/utils": "7.8.0",
        "tslib": "^1.9.3"
      }
    },
    "@sentry/tracing": {
      "version": "7.8.0",
      "resolved": "https://registry.npmjs.org/@sentry/tracing/-/tracing-7.8.0.tgz",
      "integrity": "sha512-qhem3wJgyd2tgRk0nHMGkWtiI3ln0ZdN8N+5hLnW+CrSz8Xm5/L5gwWQszOFG7WCYM3wRYEV093MuHg+qTg8iA==",
      "requires": {
        "@sentry/hub": "7.8.0",
        "@sentry/types": "7.8.0",
        "@sentry/utils": "7.8.0",
        "tslib": "^1.9.3"
      }
    },
    "@sentry/types": {
      "version": "7.8.0",
      "resolved": "https://registry.npmjs.org/@sentry/types/-/types-7.8.0.tgz",
      "integrity": "sha512-X9D2jlcAzbJdCHA+eCMv2t5HI9769Qpx48e+sZiK7Oasy1jwQtqzQRaiI9fy/zZ+p7Fyerj/4WjW/E2c4dJ63w=="
    },
    "@sentry/utils": {
      "version": "7.8.0",
      "resolved": "https://registry.npmjs.org/@sentry/utils/-/utils-7.8.0.tgz",
      "integrity": "sha512-6WvXawUPs60R9MitHXFL533D/Ic9tqQZbvPnBXmAkfp90Y5rcoq2QfJjkqMk/Z+Gnplwi8/wcJCC8EtYKfWg6w==",
      "requires": {
        "@sentry/types": "7.8.0",
        "tslib": "^1.9.3"
      }
    },
    "dompurify": {
      "version": "2.3.10",
      "resolved": "https://registry.npmjs.org/dompurify/-/dompurify-2.3.10.tgz",
      "integrity": "sha512-o7Fg/AgC7p/XpKjf/+RC3Ok6k4St5F7Q6q6+Nnm3p2zGWioAY6dh0CbbuwOhH2UcSzKsdniE/YnE2/92JcsA+g=="
    },
    "tslib": {
      "version": "1.14.1",
      "resolved": "https://registry.npmjs.org/tslib/-/tslib-1.14.1.tgz",
      "integrity": "sha512-Xni35NKzjgMrwevysHTCArtLDpPvye8zV/0E4EyYn43P7/7qvQwPh9BGkHewbMulVntbigmcT7rdX3BNo9wRJg=="
    }
  }
}
